
Microsoft Visual Studio Solution File, Format Version 10.00
# Visual Studio 2008
Project("{8BC9CEB8-8B4A-11D0-8D11-00A0C91BC942}") = "newcalibration", "newcalibration\newcalibration.vcproj", "{F2419FB6-8A92-405C-B9E1-0D066C08755E}"
EndProject
Global
	GlobalSection(SolutionConfigurationPlatforms) = preSolution
		Debug|Win32 = Debug|Win32
		Release|Win32 = Release|Win32
	EndGlobalSection
	GlobalSection(ProjectConfigurationPlatforms) = postSolution
		{F2419FB6-8A92-405C-B9E1-0D066C08755E}.Debug|Win32.ActiveCfg = Debug|Win32
		{F2419FB6-8A92-405C-B9E1-0D066C08755E}.Debug|Win32.Build.0 = Debug|Win32
		{F2419FB6-8A92-405C-B9E1-0D066C08755E}.Release|Win32.ActiveCfg = Release|Win32
		{F2419FB6-8A92-405C-B9E1-0D066C08755E}.Release|Win32.Build.0 = Release|Win32
	EndGlobalSection
	GlobalSection(SolutionProperties) = preSolution
		HideSolutionNode = FALSE
	EndGlobalSection
EndGlobal
