
Microsoft Visual Studio Solution File, Format Version 10.00
# Visual Studio 2008
Project("{8BC9CEB8-8B4A-11D0-8D11-00A0C91BC942}") = "squaredetect", "squaredetect\squaredetect.vcproj", "{091C0AC0-5727-449F-9723-F0060CEC6727}"
EndProject
Global
	GlobalSection(SolutionConfigurationPlatforms) = preSolution
		Debug|Win32 = Debug|Win32
		Release|Win32 = Release|Win32
	EndGlobalSection
	GlobalSection(ProjectConfigurationPlatforms) = postSolution
		{091C0AC0-5727-449F-9723-F0060CEC6727}.Debug|Win32.ActiveCfg = Debug|Win32
		{091C0AC0-5727-449F-9723-F0060CEC6727}.Debug|Win32.Build.0 = Debug|Win32
		{091C0AC0-5727-449F-9723-F0060CEC6727}.Release|Win32.ActiveCfg = Release|Win32
		{091C0AC0-5727-449F-9723-F0060CEC6727}.Release|Win32.Build.0 = Release|Win32
	EndGlobalSection
	GlobalSection(SolutionProperties) = preSolution
		HideSolutionNode = FALSE
	EndGlobalSection
EndGlobal
