
Microsoft Visual Studio Solution File, Format Version 10.00
# Visual Studio 2008
Project("{8BC9CEB8-8B4A-11D0-8D11-00A0C91BC942}") = "cblobtest", "cblobtest\cblobtest.vcproj", "{EEC69A08-6B16-46EA-A028-D179B9D33CDC}"
EndProject
Global
	GlobalSection(SolutionConfigurationPlatforms) = preSolution
		Debug|Win32 = Debug|Win32
		Release|Win32 = Release|Win32
	EndGlobalSection
	GlobalSection(ProjectConfigurationPlatforms) = postSolution
		{EEC69A08-6B16-46EA-A028-D179B9D33CDC}.Debug|Win32.ActiveCfg = Debug|Win32
		{EEC69A08-6B16-46EA-A028-D179B9D33CDC}.Debug|Win32.Build.0 = Debug|Win32
		{EEC69A08-6B16-46EA-A028-D179B9D33CDC}.Release|Win32.ActiveCfg = Release|Win32
		{EEC69A08-6B16-46EA-A028-D179B9D33CDC}.Release|Win32.Build.0 = Release|Win32
	EndGlobalSection
	GlobalSection(SolutionProperties) = preSolution
		HideSolutionNode = FALSE
	EndGlobalSection
EndGlobal
